
Microsoft Visual Studio Solution File, Format Version 12.00
# Visual Studio 15
VisualStudioVersion = 15.0.27703.2018
MinimumVisualStudioVersion = 10.0.40219.1
Project("{9A19103F-16F7-4668-BE54-9A1E7A4F7556}") = "MiddlewareDemo", "MiddlewareDemo\MiddlewareDemo.csproj", "{D9F642E5-F408-4CBD-95EE-BD7E94F19A4C}"
EndProject
Project("{9A19103F-16F7-4668-BE54-9A1E7A4F7556}") = "RazorPagesDemo", "RazorPagesDemo\RazorPagesDemo.csproj", "{A888EEF6-FA54-48D6-B85D-654A46553791}"
EndProject
Project("{9A19103F-16F7-4668-BE54-9A1E7A4F7556}") = "MvcDemo", "MvcDemo\MvcDemo.csproj", "{50927EE1-054A-46EB-A014-FF8371C49043}"
EndProject
Project("{2150E333-8FDC-42A3-9474-1A3956D46DE8}") = "Solution Items", "Solution Items", "{40EF8004-7F4D-4399-BBDD-264CD096CB5A}"
	ProjectSection(SolutionItems) = preProject
		Readme.md = Readme.md
	EndProjectSection
EndProject
Project("{9A19103F-16F7-4668-BE54-9A1E7A4F7556}") = "DependencyInjectionDemo", "DependencyInjectionDemo\DependencyInjectionDemo.csproj", "{DFCF18C8-2860-4F6E-AF92-762BC3EAA376}"
EndProject
Project("{9A19103F-16F7-4668-BE54-9A1E7A4F7556}") = "SignalRDemo", "SignalRDemo\SignalRDemo.csproj", "{38CA11B0-C579-435F-9839-FD002A0C064B}"
EndProject
Project("{9A19103F-16F7-4668-BE54-9A1E7A4F7556}") = "APIDemo", "APIDemo\APIDemo.csproj", "{3DF0DB18-1AC0-4810-BF83-44B12EF31669}"
EndProject
Project("{FAE04EC0-301F-11D3-BF4B-00C04F79EFBC}") = "APIDemo.Tests", "APIDemo.Tests\APIDemo.Tests.csproj", "{A419E919-19AE-4424-AFEA-AEA7C093C123}"
EndProject
Project("{FAE04EC0-301F-11D3-BF4B-00C04F79EFBC}") = "APIDemo.ConsoleClient", "APIDemo.ConsoleClient\APIDemo.ConsoleClient.csproj", "{71B4D371-EEF9-43B5-B3D9-0C782777BFD7}"
EndProject
Global
	GlobalSection(SolutionConfigurationPlatforms) = preSolution
		Debug|Any CPU = Debug|Any CPU
		Release|Any CPU = Release|Any CPU
	EndGlobalSection
	GlobalSection(ProjectConfigurationPlatforms) = postSolution
		{D9F642E5-F408-4CBD-95EE-BD7E94F19A4C}.Debug|Any CPU.ActiveCfg = Debug|Any CPU
		{D9F642E5-F408-4CBD-95EE-BD7E94F19A4C}.Debug|Any CPU.Build.0 = Debug|Any CPU
		{D9F642E5-F408-4CBD-95EE-BD7E94F19A4C}.Release|Any CPU.ActiveCfg = Release|Any CPU
		{D9F642E5-F408-4CBD-95EE-BD7E94F19A4C}.Release|Any CPU.Build.0 = Release|Any CPU
		{A888EEF6-FA54-48D6-B85D-654A46553791}.Debug|Any CPU.ActiveCfg = Debug|Any CPU
		{A888EEF6-FA54-48D6-B85D-654A46553791}.Debug|Any CPU.Build.0 = Debug|Any CPU
		{A888EEF6-FA54-48D6-B85D-654A46553791}.Release|Any CPU.ActiveCfg = Release|Any CPU
		{A888EEF6-FA54-48D6-B85D-654A46553791}.Release|Any CPU.Build.0 = Release|Any CPU
		{50927EE1-054A-46EB-A014-FF8371C49043}.Debug|Any CPU.ActiveCfg = Debug|Any CPU
		{50927EE1-054A-46EB-A014-FF8371C49043}.Debug|Any CPU.Build.0 = Debug|Any CPU
		{50927EE1-054A-46EB-A014-FF8371C49043}.Release|Any CPU.ActiveCfg = Release|Any CPU
		{50927EE1-054A-46EB-A014-FF8371C49043}.Release|Any CPU.Build.0 = Release|Any CPU
		{DFCF18C8-2860-4F6E-AF92-762BC3EAA376}.Debug|Any CPU.ActiveCfg = Debug|Any CPU
		{DFCF18C8-2860-4F6E-AF92-762BC3EAA376}.Debug|Any CPU.Build.0 = Debug|Any CPU
		{DFCF18C8-2860-4F6E-AF92-762BC3EAA376}.Release|Any CPU.ActiveCfg = Release|Any CPU
		{DFCF18C8-2860-4F6E-AF92-762BC3EAA376}.Release|Any CPU.Build.0 = Release|Any CPU
		{38CA11B0-C579-435F-9839-FD002A0C064B}.Debug|Any CPU.ActiveCfg = Debug|Any CPU
		{38CA11B0-C579-435F-9839-FD002A0C064B}.Debug|Any CPU.Build.0 = Debug|Any CPU
		{38CA11B0-C579-435F-9839-FD002A0C064B}.Release|Any CPU.ActiveCfg = Release|Any CPU
		{38CA11B0-C579-435F-9839-FD002A0C064B}.Release|Any CPU.Build.0 = Release|Any CPU
		{3DF0DB18-1AC0-4810-BF83-44B12EF31669}.Debug|Any CPU.ActiveCfg = Debug|Any CPU
		{3DF0DB18-1AC0-4810-BF83-44B12EF31669}.Debug|Any CPU.Build.0 = Debug|Any CPU
		{3DF0DB18-1AC0-4810-BF83-44B12EF31669}.Release|Any CPU.ActiveCfg = Release|Any CPU
		{3DF0DB18-1AC0-4810-BF83-44B12EF31669}.Release|Any CPU.Build.0 = Release|Any CPU
		{A419E919-19AE-4424-AFEA-AEA7C093C123}.Debug|Any CPU.ActiveCfg = Debug|Any CPU
		{A419E919-19AE-4424-AFEA-AEA7C093C123}.Debug|Any CPU.Build.0 = Debug|Any CPU
		{A419E919-19AE-4424-AFEA-AEA7C093C123}.Release|Any CPU.ActiveCfg = Release|Any CPU
		{A419E919-19AE-4424-AFEA-AEA7C093C123}.Release|Any CPU.Build.0 = Release|Any CPU
		{71B4D371-EEF9-43B5-B3D9-0C782777BFD7}.Debug|Any CPU.ActiveCfg = Debug|Any CPU
		{71B4D371-EEF9-43B5-B3D9-0C782777BFD7}.Debug|Any CPU.Build.0 = Debug|Any CPU
		{71B4D371-EEF9-43B5-B3D9-0C782777BFD7}.Release|Any CPU.ActiveCfg = Release|Any CPU
		{71B4D371-EEF9-43B5-B3D9-0C782777BFD7}.Release|Any CPU.Build.0 = Release|Any CPU
	EndGlobalSection
	GlobalSection(SolutionProperties) = preSolution
		HideSolutionNode = FALSE
	EndGlobalSection
	GlobalSection(ExtensibilityGlobals) = postSolution
		SolutionGuid = {54B470A5-0025-40C8-BF9A-FEAD245CA264}
	EndGlobalSection
EndGlobal
